
Microsoft Visual Studio Solution File, Format Version 12.00
# Visual Studio Version 17
VisualStudioVersion = 17.3.32922.545
MinimumVisualStudioVersion = 10.0.40219.1
Project("{FAE04EC0-301F-11D3-BF4B-00C04F79EFBC}") = "AdvertBoard", "AdvertBoard\AdvertBoard.csproj", "{BA86DD51-AF9B-4C46-BD1F-F3EBC1764026}"
EndProject
Project("{FAE04EC0-301F-11D3-BF4B-00C04F79EFBC}") = "Models", "Models\Models.csproj", "{B2212311-6137-4918-843B-95DB9B2F9D4E}"
EndProject
Project("{2150E333-8FDC-42A3-9474-1A3956D46DE8}") = "Application", "Application", "{55C0DC49-7166-41EE-A7EE-907CCF301AFF}"
EndProject
Global
	GlobalSection(SolutionConfigurationPlatforms) = preSolution
		Debug|Any CPU = Debug|Any CPU
		Release|Any CPU = Release|Any CPU
	EndGlobalSection
	GlobalSection(ProjectConfigurationPlatforms) = postSolution
		{BA86DD51-AF9B-4C46-BD1F-F3EBC1764026}.Debug|Any CPU.ActiveCfg = Debug|Any CPU
		{BA86DD51-AF9B-4C46-BD1F-F3EBC1764026}.Debug|Any CPU.Build.0 = Debug|Any CPU
		{BA86DD51-AF9B-4C46-BD1F-F3EBC1764026}.Release|Any CPU.ActiveCfg = Release|Any CPU
		{BA86DD51-AF9B-4C46-BD1F-F3EBC1764026}.Release|Any CPU.Build.0 = Release|Any CPU
		{B2212311-6137-4918-843B-95DB9B2F9D4E}.Debug|Any CPU.ActiveCfg = Debug|Any CPU
		{B2212311-6137-4918-843B-95DB9B2F9D4E}.Debug|Any CPU.Build.0 = Debug|Any CPU
		{B2212311-6137-4918-843B-95DB9B2F9D4E}.Release|Any CPU.ActiveCfg = Release|Any CPU
		{B2212311-6137-4918-843B-95DB9B2F9D4E}.Release|Any CPU.Build.0 = Release|Any CPU
	EndGlobalSection
	GlobalSection(SolutionProperties) = preSolution
		HideSolutionNode = FALSE
	EndGlobalSection
	GlobalSection(NestedProjects) = preSolution
		{B2212311-6137-4918-843B-95DB9B2F9D4E} = {55C0DC49-7166-41EE-A7EE-907CCF301AFF}
	EndGlobalSection
	GlobalSection(ExtensibilityGlobals) = postSolution
		SolutionGuid = {5EE19ADA-6D20-40DA-BAB7-3E4BF6A9A973}
	EndGlobalSection
EndGlobal
